github.com/SimonSchneider/goslu v0.1.0 h1:TRY3R6zMaAv9tggOnQ85WNeGOdO8/nlIMw+IVkhroVc=
github.com/SimonSchneider/goslu v0.1.0/go.mod h1:4RHIaXGxafAaSNJfcbjdPj8fS7BcJq2TX4nDlyunPw0=
github.com/ncruces/go-sqlite3 v0.20.2 h1:cMLIwrLZQuCWVCEOowSqlIlpzgbag3jnYVW4NM5u01M=
github.com/ncruces/go-sqlite3 v0.20.2/go.mod h1:yL4ZNWGsr1/8pcLfpPW1RT1WFdvyeHonrgIwwi4rvkg=
github.com/ncruces/julianday v1.0.0 h1:fH0OKwa7NWvniGQtxdJRxAgkBMolni2BjDHaWTxqt7M=
github.com/ncruces/julianday v1.0.0/go.mod h1:Dusn2KvZrrovOMJuOt0TNXL6tB7U2E8kvza5fFc9G7g=
github.com/tetratelabs/wazero v1.8.1 h1:NrcgVbWfkWvVc4UtT4LRLDf91PsOzDzefMdwhLfA550=
github.com/tetratelabs/wazero v1.8.1/go.mod h1:yAI0XTsMBhREkM/YDAK/zNou3GoiAce1P6+rp/wQhjs=
golang.org/x/sys v0.27.0 h1:wBqf8DvsY9Y/2P8gAfPDEYNuS30J4lPHJxXSb/nJZ+s=
golang.org/x/sys v0.27.0/go.mod h1:/VUhepiaJMQUp4+oa/7Zr1D23ma6VTLIYjOOTFZPUcA=
golang.org/x/text v0.19.0 h1:kTxAhCbGbxhK0IwgSKiMO5awPoDQ0RpfiVYBfK860YM=
golang.org/x/text v0.19.0/go.mod h1:BuEKDfySbSR4drPmRPG/7iBdf8hvFMuRexcpahXilzY=
